
Microsoft Visual Studio Solution File, Format Version 12.00
# Visual Studio Version 16
VisualStudioVersion = 16.0.30907.101
MinimumVisualStudioVersion = 10.0.40219.1
Project("{FAE04EC0-301F-11D3-BF4B-00C04F79EFBC}") = "OOP1", "OOP_1\OOP1.csproj", "{9FAB4070-0D2F-4E9F-83F2-C9795A01AE00}"
EndProject
Project("{FAE04EC0-301F-11D3-BF4B-00C04F79EFBC}") = "Koleksiyonlar", "Koleksiyonlar\Koleksiyonlar.csproj", "{C8C5F09F-0201-4ABA-8E8C-041618D347D8}"
EndProject
Project("{FAE04EC0-301F-11D3-BF4B-00C04F79EFBC}") = "GenericsIntro", "GenericsIntro\GenericsIntro.csproj", "{134C322B-E61B-4219-97B9-812DA0924E46}"
EndProject
Global
	GlobalSection(SolutionConfigurationPlatforms) = preSolution
		Debug|Any CPU = Debug|Any CPU
		Release|Any CPU = Release|Any CPU
	EndGlobalSection
	GlobalSection(ProjectConfigurationPlatforms) = postSolution
		{9FAB4070-0D2F-4E9F-83F2-C9795A01AE00}.Debug|Any CPU.ActiveCfg = Debug|Any CPU
		{9FAB4070-0D2F-4E9F-83F2-C9795A01AE00}.Debug|Any CPU.Build.0 = Debug|Any CPU
		{9FAB4070-0D2F-4E9F-83F2-C9795A01AE00}.Release|Any CPU.ActiveCfg = Release|Any CPU
		{9FAB4070-0D2F-4E9F-83F2-C9795A01AE00}.Release|Any CPU.Build.0 = Release|Any CPU
		{C8C5F09F-0201-4ABA-8E8C-041618D347D8}.Debug|Any CPU.ActiveCfg = Debug|Any CPU
		{C8C5F09F-0201-4ABA-8E8C-041618D347D8}.Debug|Any CPU.Build.0 = Debug|Any CPU
		{C8C5F09F-0201-4ABA-8E8C-041618D347D8}.Release|Any CPU.ActiveCfg = Release|Any CPU
		{C8C5F09F-0201-4ABA-8E8C-041618D347D8}.Release|Any CPU.Build.0 = Release|Any CPU
		{134C322B-E61B-4219-97B9-812DA0924E46}.Debug|Any CPU.ActiveCfg = Debug|Any CPU
		{134C322B-E61B-4219-97B9-812DA0924E46}.Debug|Any CPU.Build.0 = Debug|Any CPU
		{134C322B-E61B-4219-97B9-812DA0924E46}.Release|Any CPU.ActiveCfg = Release|Any CPU
		{134C322B-E61B-4219-97B9-812DA0924E46}.Release|Any CPU.Build.0 = Release|Any CPU
	EndGlobalSection
	GlobalSection(SolutionProperties) = preSolution
		HideSolutionNode = FALSE
	EndGlobalSection
	GlobalSection(ExtensibilityGlobals) = postSolution
		SolutionGuid = {FC465491-CD64-465F-AE26-A894A0A2648D}
	EndGlobalSection
EndGlobal
